
Microsoft Visual Studio Solution File, Format Version 12.00
# Visual Studio Version 17
VisualStudioVersion = 17.13.35818.85 d17.13
MinimumVisualStudioVersion = 10.0.40219.1
Project("{FAE04EC0-301F-11D3-BF4B-00C04F79EFBC}") = "chuyende", "chuyende\chuyende.csproj", "{DB58A330-012D-4161-B77B-7B0B89293FFF}"
EndProject
Global
	GlobalSection(SolutionConfigurationPlatforms) = preSolution
		Debug|Any CPU = Debug|Any CPU
		Release|Any CPU = Release|Any CPU
	EndGlobalSection
	GlobalSection(ProjectConfigurationPlatforms) = postSolution
		{DB58A330-012D-4161-B77B-7B0B89293FFF}.Debug|Any CPU.ActiveCfg = Debug|Any CPU
		{DB58A330-012D-4161-B77B-7B0B89293FFF}.Debug|Any CPU.Build.0 = Debug|Any CPU
		{DB58A330-012D-4161-B77B-7B0B89293FFF}.Release|Any CPU.ActiveCfg = Release|Any CPU
		{DB58A330-012D-4161-B77B-7B0B89293FFF}.Release|Any CPU.Build.0 = Release|Any CPU
	EndGlobalSection
	GlobalSection(SolutionProperties) = preSolution
		HideSolutionNode = FALSE
	EndGlobalSection
	GlobalSection(ExtensibilityGlobals) = postSolution
		SolutionGuid = {8F2AE6F7-6981-4304-968A-52F3B1648D93}
	EndGlobalSection
EndGlobal
